<Solution>
  <Folder Name="/github/">
    <File Path="readme.md" />
    <File Path=".gitignore" />
  </Folder>
  <Project Path="src\Sample\Sample.csproj" Type="Classic C#" />
  <Project Path="src\Signals\Signals.csproj" Type="" />
  <Project Path="src\Tests\Tests.csproj" Type="Classic C#" />
</Solution>